
Microsoft Visual Studio Solution File, Format Version 12.00
# Visual Studio Version 17
VisualStudioVersion = 17.9.34902.65
MinimumVisualStudioVersion = 10.0.40219.1
Project("{8BC9CEB8-8B4A-11D0-8D11-00A0C91BC942}") = "KeyboardHook", "KeyboardHook.vcxproj", "{6858CCB6-498C-49AE-8E09-7CC3FBE28CAC}"
EndProject
Global
	GlobalSection(SolutionConfigurationPlatforms) = preSolution
		Debug|x64 = Debug|x64
		Debug|x86 = Debug|x86
		Release|x64 = Release|x64
		Release|x86 = Release|x86
	EndGlobalSection
	GlobalSection(ProjectConfigurationPlatforms) = postSolution
		{6858CCB6-498C-49AE-8E09-7CC3FBE28CAC}.Debug|x64.ActiveCfg = Debug|x64
		{6858CCB6-498C-49AE-8E09-7CC3FBE28CAC}.Debug|x64.Build.0 = Debug|x64
		{6858CCB6-498C-49AE-8E09-7CC3FBE28CAC}.Debug|x86.ActiveCfg = Debug|Win32
		{6858CCB6-498C-49AE-8E09-7CC3FBE28CAC}.Debug|x86.Build.0 = Debug|Win32
		{6858CCB6-498C-49AE-8E09-7CC3FBE28CAC}.Release|x64.ActiveCfg = Release|x64
		{6858CCB6-498C-49AE-8E09-7CC3FBE28CAC}.Release|x64.Build.0 = Release|x64
		{6858CCB6-498C-49AE-8E09-7CC3FBE28CAC}.Release|x86.ActiveCfg = Release|Win32
		{6858CCB6-498C-49AE-8E09-7CC3FBE28CAC}.Release|x86.Build.0 = Release|Win32
	EndGlobalSection
	GlobalSection(SolutionProperties) = preSolution
		HideSolutionNode = FALSE
	EndGlobalSection
	GlobalSection(ExtensibilityGlobals) = postSolution
		SolutionGuid = {B3FEB4AC-3AAD-45A2-AC61-47038F676309}
	EndGlobalSection
EndGlobal
